
Microsoft Visual Studio Solution File, Format Version 12.00
# Visual Studio Version 16
VisualStudioVersion = 16.0.30621.155
MinimumVisualStudioVersion = 10.0.40219.1
Project("{FAE04EC0-301F-11D3-BF4B-00C04F79EFBC}") = "User", "User\User.csproj", "{1D8BD59C-B1B5-4220-A919-D013F4F07A20}"
EndProject
Global
	GlobalSection(SolutionConfigurationPlatforms) = preSolution
		Debug|Any CPU = Debug|Any CPU
		Release|Any CPU = Release|Any CPU
	EndGlobalSection
	GlobalSection(ProjectConfigurationPlatforms) = postSolution
		{1D8BD59C-B1B5-4220-A919-D013F4F07A20}.Debug|Any CPU.ActiveCfg = Debug|Any CPU
		{1D8BD59C-B1B5-4220-A919-D013F4F07A20}.Debug|Any CPU.Build.0 = Debug|Any CPU
		{1D8BD59C-B1B5-4220-A919-D013F4F07A20}.Release|Any CPU.ActiveCfg = Release|Any CPU
		{1D8BD59C-B1B5-4220-A919-D013F4F07A20}.Release|Any CPU.Build.0 = Release|Any CPU
	EndGlobalSection
	GlobalSection(SolutionProperties) = preSolution
		HideSolutionNode = FALSE
	EndGlobalSection
	GlobalSection(ExtensibilityGlobals) = postSolution
		SolutionGuid = {52E3C62F-7D23-4F4D-8FE4-F9F369AB6D9E}
	EndGlobalSection
EndGlobal
